
Microsoft Visual Studio Solution File, Format Version 12.00
# Visual Studio Version 16
VisualStudioVersion = 16.0.31729.503
MinimumVisualStudioVersion = 10.0.40219.1
Project("{FAE04EC0-301F-11D3-BF4B-00C04F79EFBC}") = "GraphicsProj", "GraphicsProj\GraphicsProj.csproj", "{6F690F55-C759-47B9-815A-C6963FB9E742}"
EndProject
Global
	GlobalSection(SolutionConfigurationPlatforms) = preSolution
		Debug|Any CPU = Debug|Any CPU
		Release|Any CPU = Release|Any CPU
	EndGlobalSection
	GlobalSection(ProjectConfigurationPlatforms) = postSolution
		{6F690F55-C759-47B9-815A-C6963FB9E742}.Debug|Any CPU.ActiveCfg = Debug|Any CPU
		{6F690F55-C759-47B9-815A-C6963FB9E742}.Debug|Any CPU.Build.0 = Debug|Any CPU
		{6F690F55-C759-47B9-815A-C6963FB9E742}.Release|Any CPU.ActiveCfg = Release|Any CPU
		{6F690F55-C759-47B9-815A-C6963FB9E742}.Release|Any CPU.Build.0 = Release|Any CPU
	EndGlobalSection
	GlobalSection(SolutionProperties) = preSolution
		HideSolutionNode = FALSE
	EndGlobalSection
	GlobalSection(ExtensibilityGlobals) = postSolution
		SolutionGuid = {80958424-66DE-46A2-BF4F-D191DAADC0D4}
	EndGlobalSection
EndGlobal
